// !$*UTF8*$!
{
	archiveVersion = 1;
	classes = {
	};
	objectVersion = 46;
	objects = {

/* Begin PBXBuildFile section */
		7147AE551D232D4A00D691A5 /* AppDelegate.swift in Sources */ = {isa = PBXBuildFile; fileRef = 7147AE541D232D4A00D691A5 /* AppDelegate.swift */; };
		7147AE5A1D232D4A00D691A5 /* Main.storyboard in Resources */ = {isa = PBXBuildFile; fileRef = 7147AE581D232D4A00D691A5 /* Main.storyboard */; };
		7147AE5D1D232D4A00D691A5 /* MMH.xcdatamodeld in Sources */ = {isa = PBXBuildFile; fileRef = 7147AE5B1D232D4A00D691A5 /* MMH.xcdatamodeld */; };
		7147AE5F1D232D4A00D691A5 /* Assets.xcassets in Resources */ = {isa = PBXBuildFile; fileRef = 7147AE5E1D232D4A00D691A5 /* Assets.xcassets */; };
		7147AE621D232D4A00D691A5 /* LaunchScreen.storyboard in Resources */ = {isa = PBXBuildFile; fileRef = 7147AE601D232D4A00D691A5 /* LaunchScreen.storyboard */; };
		7147AE6C1D23673800D691A5 /* NutrientPageViewController.swift in Sources */ = {isa = PBXBuildFile; fileRef = 7147AE6B1D23673800D691A5 /* NutrientPageViewController.swift */; };
		7147AE6E1D23719600D691A5 /* images in Resources */ = {isa = PBXBuildFile; fileRef = 7147AE6D1D23719600D691A5 /* images */; };
		7170CE9E1D29D2A1007F62C2 /* FeedViewController.swift in Sources */ = {isa = PBXBuildFile; fileRef = 7170CE9D1D29D2A1007F62C2 /* FeedViewController.swift */; };
		719B98B21D2B27D1001F779F /* NutrientCalcViewController.swift in Sources */ = {isa = PBXBuildFile; fileRef = 719B98B11D2B27D1001F779F /* NutrientCalcViewController.swift */; };
		71AE818E1D2C57A5000147DB /* CropInfoViewController.swift in Sources */ = {isa = PBXBuildFile; fileRef = 71AE818D1D2C57A5000147DB /* CropInfoViewController.swift */; };
		71DB33DB1D2BA8F9009C2E46 /* CropViewController.swift in Sources */ = {isa = PBXBuildFile; fileRef = 71DB33DA1D2BA8F9009C2E46 /* CropViewController.swift */; };
/* End PBXBuildFile section */

/* Begin PBXFileReference section */
		7147AE511D232D4A00D691A5 /* MMH.app */ = {isa = PBXFileReference; explicitFileType = wrapper.application; includeInIndex = 0; path = MMH.app; sourceTree = BUILT_PRODUCTS_DIR; };
		7147AE541D232D4A00D691A5 /* AppDelegate.swift */ = {isa = PBXFileReference; lastKnownFileType = sourcecode.swift; path = AppDelegate.swift; sourceTree = "<group>"; };
		7147AE591D232D4A00D691A5 /* Base */ = {isa = PBXFileReference; lastKnownFileType = file.storyboard; name = Base; path = Base.lproj/Main.storyboard; sourceTree = "<group>"; };
		7147AE5C1D232D4A00D691A5 /* MMH.xcdatamodel */ = {isa = PBXFileReference; lastKnownFileType = wrapper.xcdatamodel; path = MMH.xcdatamodel; sourceTree = "<group>"; };
		7147AE5E1D232D4A00D691A5 /* Assets.xcassets */ = {isa = PBXFileReference; lastKnownFileType = folder.assetcatalog; path = Assets.xcassets; sourceTree = "<group>"; };
		7147AE611D232D4A00D691A5 /* Base */ = {isa = PBXFileReference; lastKnownFileType = file.storyboard; name = Base; path = Base.lproj/LaunchScreen.storyboard; sourceTree = "<group>"; };
		7147AE631D232D4A00D691A5 /* Info.plist */ = {isa = PBXFileReference; lastKnownFileType = text.plist.xml; path = Info.plist; sourceTree = "<group>"; };
		7147AE6B1D23673800D691A5 /* NutrientPageViewController.swift */ = {isa = PBXFileReference; fileEncoding = 4; lastKnownFileType = sourcecode.swift; path = NutrientPageViewController.swift; sourceTree = "<group>"; };
		7147AE6D1D23719600D691A5 /* images */ = {isa = PBXFileReference; lastKnownFileType = folder; path = images; sourceTree = "<group>"; };
		7170CE9D1D29D2A1007F62C2 /* FeedViewController.swift */ = {isa = PBXFileReference; fileEncoding = 4; lastKnownFileType = sourcecode.swift; path = FeedViewController.swift; sourceTree = "<group>"; };
		719B98B11D2B27D1001F779F /* NutrientCalcViewController.swift */ = {isa = PBXFileReference; fileEncoding = 4; lastKnownFileType = sourcecode.swift; path = NutrientCalcViewController.swift; sourceTree = "<group>"; };
		71AE818D1D2C57A5000147DB /* CropInfoViewController.swift */ = {isa = PBXFileReference; fileEncoding = 4; lastKnownFileType = sourcecode.swift; path = CropInfoViewController.swift; sourceTree = "<group>"; };
		71DB33DA1D2BA8F9009C2E46 /* CropViewController.swift */ = {isa = PBXFileReference; fileEncoding = 4; lastKnownFileType = sourcecode.swift; path = CropViewController.swift; sourceTree = "<group>"; };
/* End PBXFileReference section */

/* Begin PBXFrameworksBuildPhase section */
		7147AE4E1D232D4A00D691A5 /* Frameworks */ = {
			isa = PBXFrameworksBuildPhase;
			buildActionMask = 2147483647;
			files = (
			);
			runOnlyForDeploymentPostprocessing = 0;
		};
/* End PBXFrameworksBuildPhase section */

/* Begin PBXGroup section */
		7147AE481D232D4A00D691A5 = {
			isa = PBXGroup;
			children = (
				7147AE531D232D4A00D691A5 /* MMH */,
				7147AE521D232D4A00D691A5 /* Products */,
			);
			sourceTree = "<group>";
		};
		7147AE521D232D4A00D691A5 /* Products */ = {
			isa = PBXGroup;
			children = (
				7147AE511D232D4A00D691A5 /* MMH.app */,
			);
			name = Products;
			sourceTree = "<group>";
		};
		7147AE531D232D4A00D691A5 /* MMH */ = {
			isa = PBXGroup;
			children = (
				7147AE6D1D23719600D691A5 /* images */,
				7147AE541D232D4A00D691A5 /* AppDelegate.swift */,
				7147AE581D232D4A00D691A5 /* Main.storyboard */,
				7170CE9D1D29D2A1007F62C2 /* FeedViewController.swift */,
				7147AE5E1D232D4A00D691A5 /* Assets.xcassets */,
				7147AE601D232D4A00D691A5 /* LaunchScreen.storyboard */,
				7147AE631D232D4A00D691A5 /* Info.plist */,
				7147AE5B1D232D4A00D691A5 /* MMH.xcdatamodeld */,
				7147AE6B1D23673800D691A5 /* NutrientPageViewController.swift */,
				719B98B11D2B27D1001F779F /* NutrientCalcViewController.swift */,
				71DB33DA1D2BA8F9009C2E46 /* CropViewController.swift */,
				71AE818D1D2C57A5000147DB /* CropInfoViewController.swift */,
			);
			path = MMH;
			sourceTree = "<group>";
		};
/* End PBXGroup section */

/* Begin PBXNativeTarget section */
		7147AE501D232D4A00D691A5 /* MMH */ = {
			isa = PBXNativeTarget;
			buildConfigurationList = 7147AE661D232D4A00D691A5 /* Build configuration list for PBXNativeTarget "MMH" */;
			buildPhases = (
				7147AE4D1D232D4A00D691A5 /* Sources */,
				7147AE4E1D232D4A00D691A5 /* Frameworks */,
				7147AE4F1D232D4A00D691A5 /* Resources */,
			);
			buildRules = (
			);
			dependencies = (
			);
			name = MMH;
			productName = MMH;
			productReference = 7147AE511D232D4A00D691A5 /* MMH.app */;
			productType = "com.apple.product-type.application";
		};
/* End PBXNativeTarget section */

/* Begin PBXProject section */
		7147AE491D232D4A00D691A5 /* Project object */ = {
			isa = PBXProject;
			attributes = {
				LastSwiftUpdateCheck = 0730;
				LastUpgradeCheck = 0730;
				ORGANIZATIONNAME = "Houston Krohman";
				TargetAttributes = {
					7147AE501D232D4A00D691A5 = {
						CreatedOnToolsVersion = 7.3.1;
						DevelopmentTeam = CV8BEN95MF;
					};
				};
			};
			buildConfigurationList = 7147AE4C1D232D4A00D691A5 /* Build configuration list for PBXProject "MMH" */;
			compatibilityVersion = "Xcode 3.2";
			developmentRegion = English;
			hasScannedForEncodings = 0;
			knownRegions = (
				en,
				Base,
			);
			mainGroup = 7147AE481D232D4A00D691A5;
			productRefGroup = 7147AE521D232D4A00D691A5 /* Products */;
			projectDirPath = "";
			projectRoot = "";
			targets = (
				7147AE501D232D4A00D691A5 /* MMH */,
			);
		};
/* End PBXProject section */

/* Begin PBXResourcesBuildPhase section */
		7147AE4F1D232D4A00D691A5 /* Resources */ = {
			isa = PBXResourcesBuildPhase;
			buildActionMask = 2147483647;
			files = (
				7147AE6E1D23719600D691A5 /* images in Resources */,
				7147AE621D232D4A00D691A5 /* LaunchScreen.storyboard in Resources */,
				7147AE5F1D232D4A00D691A5 /* Assets.xcassets in Resources */,
				7147AE5A1D232D4A00D691A5 /* Main.storyboard in Resources */,
			);
			runOnlyForDeploymentPostprocessing = 0;
		};
/* End PBXResourcesBuildPhase section */

/* Begin PBXSourcesBuildPhase section */
		7147AE4D1D232D4A00D691A5 /* Sources */ = {
			isa = PBXSourcesBuildPhase;
			buildActionMask = 2147483647;
			files = (
				71AE818E1D2C57A5000147DB /* CropInfoViewController.swift in Sources */,
				7147AE5D1D232D4A00D691A5 /* MMH.xcdatamodeld in Sources */,
				719B98B21D2B27D1001F779F /* NutrientCalcViewController.swift in Sources */,
				7147AE551D232D4A00D691A5 /* AppDelegate.swift in Sources */,
				7147AE6C1D23673800D691A5 /* NutrientPageViewController.swift in Sources */,
				7170CE9E1D29D2A1007F62C2 /* FeedViewController.swift in Sources */,
				71DB33DB1D2BA8F9009C2E46 /* CropViewController.swift in Sources */,
			);
			runOnlyForDeploymentPostprocessing = 0;
		};
/* End PBXSourcesBuildPhase section */

/* Begin PBXVariantGroup section */
		7147AE581D232D4A00D691A5 /* Main.storyboard */ = {
			isa = PBXVariantGroup;
			children = (
				7147AE591D232D4A00D691A5 /* Base */,
			);
			name = Main.storyboard;
			sourceTree = "<group>";
		};
		7147AE601D232D4A00D691A5 /* LaunchScreen.storyboard */ = {
			isa = PBXVariantGroup;
			children = (
				7147AE611D232D4A00D691A5 /* Base */,
			);
			name = LaunchScreen.storyboard;
			sourceTree = "<group>";
		};
/* End PBXVariantGroup section */

/* Begin XCBuildConfiguration section */
		7147AE641D232D4A00D691A5 /* Debug */ = {
			isa = XCBuildConfiguration;
			buildSettings = {
				ALWAYS_SEARCH_USER_PATHS = NO;
				CLANG_ANALYZER_NONNULL = YES;
				CLANG_CXX_LANGUAGE_STANDARD = "gnu++0x";
				CLANG_CXX_LIBRARY = "libc++";
				CLANG_ENABLE_MODULES = YES;
				CLANG_ENABLE_OBJC_ARC = YES;
				CLANG_WARN_BOOL_CONVERSION = YES;
				CLANG_WARN_CONSTANT_CONVERSION = YES;
				CLANG_WARN_DIRECT_OBJC_ISA_USAGE = YES_ERROR;
				CLANG_WARN_EMPTY_BODY = YES;
				CLANG_WARN_ENUM_CONVERSION = YES;
				CLANG_WARN_INT_CONVERSION = YES;
				CLANG_WARN_OBJC_ROOT_CLASS = YES_ERROR;
				CLANG_WARN_UNREACHABLE_CODE = YES;
				CLANG_WARN__DUPLICATE_METHOD_MATCH = YES;
				"CODE_SIGN_IDENTITY[sdk=iphoneos*]" = "iPhone Developer";
				COPY_PHASE_STRIP = NO;
				DEBUG_INFORMATION_FORMAT = dwarf;
				ENABLE_STRICT_OBJC_MSGSEND = YES;
				ENABLE_TESTABILITY = YES;
				GCC_C_LANGUAGE_STANDARD = gnu99;
				GCC_DYNAMIC_NO_PIC = NO;
				GCC_NO_COMMON_BLOCKS = YES;
				GCC_OPTIMIZATION_LEVEL = 0;
				GCC_PREPROCESSOR_DEFINITIONS = (
					"DEBUG=1",
					"$(inherited)",
				);
				GCC_WARN_64_TO_32_BIT_CONVERSION = YES;
				GCC_WARN_ABOUT_RETURN_TYPE = YES_ERROR;
				GCC_WARN_UNDECLARED_SELECTOR = YES;
				GCC_WARN_UNINITIALIZED_AUTOS = YES_AGGRESSIVE;
				GCC_WARN_UNUSED_FUNCTION = YES;
				GCC_WARN_UNUSED_VARIABLE = YES;
				IPHONEOS_DEPLOYMENT_TARGET = 9.3;
				MTL_ENABLE_DEBUG_INFO = YES;
				ONLY_ACTIVE_ARCH = YES;
				SDKROOT = iphoneos;
				SWIFT_OPTIMIZATION_LEVEL = "-Onone";
			};
			name = Debug;
		};
		7147AE651D232D4A00D691A5 /* Release */ = {
			isa = XCBuildConfiguration;
			buildSettings = {
				ALWAYS_SEARCH_USER_PATHS = NO;
				CLANG_ANALYZER_NONNULL = YES;
				CLANG_CXX_LANGUAGE_STANDARD = "gnu++0x";
				CLANG_CXX_LIBRARY = "libc++";
				CLANG_ENABLE_MODULES = YES;
				CLANG_ENABLE_OBJC_ARC = YES;
				CLANG_WARN_BOOL_CONVERSION = YES;
				CLANG_WARN_CONSTANT_CONVERSION = YES;
				CLANG_WARN_DIRECT_OBJC_ISA_USAGE = YES_ERROR;
				CLANG_WARN_EMPTY_BODY = YES;
				CLANG_WARN_ENUM_CONVERSION = YES;
				CLANG_WARN_INT_CONVERSION = YES;
				CLANG_WARN_OBJC_ROOT_CLASS = YES_ERROR;
				CLANG_WARN_UNREACHABLE_CODE = YES;
				CLANG_WARN__DUPLICATE_METHOD_MATCH = YES;
				"CODE_SIGN_IDENTITY[sdk=iphoneos*]" = "iPhone Developer";
				COPY_PHASE_STRIP = NO;
				DEBUG_INFORMATION_FORMAT = "dwarf-with-dsym";
				ENABLE_NS_ASSERTIONS = NO;
				ENABLE_STRICT_OBJC_MSGSEND = YES;
				GCC_C_LANGUAGE_STANDARD = gnu99;
				GCC_NO_COMMON_BLOCKS = YES;
				GCC_WARN_64_TO_32_BIT_CONVERSION = YES;
				GCC_WARN_ABOUT_RETURN_TYPE = YES_ERROR;
				GCC_WARN_UNDECLARED_SELECTOR = YES;
				GCC_WARN_UNINITIALIZED_AUTOS = YES_AGGRESSIVE;
				GCC_WARN_UNUSED_FUNCTION = YES;
				GCC_WARN_UNUSED_VARIABLE = YES;
				IPHONEOS_DEPLOYMENT_TARGET = 9.3;
				MTL_ENABLE_DEBUG_INFO = NO;
				SDKROOT = iphoneos;
				VALIDATE_PRODUCT = YES;
			};
			name = Release;
		};
		7147AE671D232D4A00D691A5 /* Debug */ = {
			isa = XCBuildConfiguration;
			buildSettings = {
				ASSETCATALOG_COMPILER_APPICON_NAME = AppIcon;
				INFOPLIST_FILE = MMH/Info.plist;
				LD_RUNPATH_SEARCH_PATHS = "$(inherited) @executable_path/Frameworks";
				PRODUCT_BUNDLE_IDENTIFIER = com.houstonkrohman.MixMasterH;
				PRODUCT_NAME = "$(TARGET_NAME)";
			};
			name = Debug;
		};
		7147AE681D232D4A00D691A5 /* Release */ = {
			isa = XCBuildConfiguration;
			buildSettings = {
				ASSETCATALOG_COMPILER_APPICON_NAME = AppIcon;
				INFOPLIST_FILE = MMH/Info.plist;
				LD_RUNPATH_SEARCH_PATHS = "$(inherited) @executable_path/Frameworks";
				PRODUCT_BUNDLE_IDENTIFIER = com.houstonkrohman.MixMasterH;
				PRODUCT_NAME = "$(TARGET_NAME)";
			};
			name = Release;
		};
/* End XCBuildConfiguration section */

/* Begin XCConfigurationList section */
		7147AE4C1D232D4A00D691A5 /* Build configuration list for PBXProject "MMH" */ = {
			isa = XCConfigurationList;
			buildConfigurations = (
				7147AE641D232D4A00D691A5 /* Debug */,
				7147AE651D232D4A00D691A5 /* Release */,
			);
			defaultConfigurationIsVisible = 0;
			defaultConfigurationName = Release;
		};
		7147AE661D232D4A00D691A5 /* Build configuration list for PBXNativeTarget "MMH" */ = {
			isa = XCConfigurationList;
			buildConfigurations = (
				7147AE671D232D4A00D691A5 /* Debug */,
				7147AE681D232D4A00D691A5 /* Release */,
			);
			defaultConfigurationIsVisible = 0;
			defaultConfigurationName = Release;
		};
/* End XCConfigurationList section */

/* Begin XCVersionGroup section */
		7147AE5B1D232D4A00D691A5 /* MMH.xcdatamodeld */ = {
			isa = XCVersionGroup;
			children = (
				7147AE5C1D232D4A00D691A5 /* MMH.xcdatamodel */,
			);
			currentVersion = 7147AE5C1D232D4A00D691A5 /* MMH.xcdatamodel */;
			path = MMH.xcdatamodeld;
			sourceTree = "<group>";
			versionGroupType = wrapper.xcdatamodel;
		};
/* End XCVersionGroup section */
	};
	rootObject = 7147AE491D232D4A00D691A5 /* Project object */;
}
